
Microsoft Visual Studio Solution File, Format Version 12.00
# Visual Studio 15
Project("{FAE04EC0-301F-11D3-BF4B-00C04F79EFBC}") = "Assembly-CSharp", "Assembly-CSharp.csproj", "{7F43CC3C-54B2-25DB-FEA7-B0A7AB62BEDE}"
EndProject
Global
	GlobalSection(SolutionConfigurationPlatforms) = preSolution
		Debug|Any CPU = Debug|Any CPU
		Release|Any CPU = Release|Any CPU
	EndGlobalSection
	GlobalSection(ProjectConfigurationPlatforms) = postSolution
		{7F43CC3C-54B2-25DB-FEA7-B0A7AB62BEDE}.Debug|Any CPU.ActiveCfg = Debug|Any CPU
		{7F43CC3C-54B2-25DB-FEA7-B0A7AB62BEDE}.Debug|Any CPU.Build.0 = Debug|Any CPU
		{7F43CC3C-54B2-25DB-FEA7-B0A7AB62BEDE}.Release|Any CPU.ActiveCfg = Release|Any CPU
		{7F43CC3C-54B2-25DB-FEA7-B0A7AB62BEDE}.Release|Any CPU.Build.0 = Release|Any CPU
	EndGlobalSection
	GlobalSection(SolutionProperties) = preSolution
		HideSolutionNode = FALSE
	EndGlobalSection
EndGlobal
